
Microsoft Visual Studio Solution File, Format Version 12.00
Project("{2150E333-8FDC-42A3-9474-1A3956D46DE8}") = "Server", "Server", "{F0CDD641-BD05-444C-9B2A-D59E785F026B}"
EndProject
Project("{2150E333-8FDC-42A3-9474-1A3956D46DE8}") = "Client", "Client", "{D9F11E10-9AB6-46E5-B7FD-2608C032A5A9}"
EndProject
Project("{FAE04EC0-301F-11D3-BF4B-00C04F79EFBC}") = "FreeBox.Server.Core", "Server\FreeBox.Server.Core\FreeBox.Server.Core.csproj", "{9340387F-5E97-4BBC-B126-527CC75073BB}"
EndProject
Project("{FAE04EC0-301F-11D3-BF4B-00C04F79EFBC}") = "FreeBox.Server.DataAccess", "Server\FreeBox.Server.DataAccess\FreeBox.Server.DataAccess.csproj", "{BA3FDC31-DBAE-4113-9143-C00C98F04D3A}"
EndProject
Project("{FAE04EC0-301F-11D3-BF4B-00C04F79EFBC}") = "FreeBox.Client.Api", "Client\FreeBox.Client.Api\FreeBox.Client.Api.csproj", "{97ED37C7-34E0-4383-9922-03898D87D38D}"
EndProject
Project("{FAE04EC0-301F-11D3-BF4B-00C04F79EFBC}") = "FreeBox.Client.WpfClient", "Client\FreeBox.Client.WpfClient\FreeBox.Client.WpfClient.csproj", "{81311067-2AB6-47EA-ABA8-361CF8502D2E}"
EndProject
Project("{FAE04EC0-301F-11D3-BF4B-00C04F79EFBC}") = "FreeBox.Client.Polygon", "Client\FreeBox.Client.Polygon\FreeBox.Client.Polygon.csproj", "{6DFFA1DF-A474-4299-9551-167BDCC1B551}"
EndProject
Project("{FAE04EC0-301F-11D3-BF4B-00C04F79EFBC}") = "FreeBox.Shared", "FreeBox.Shared\FreeBox.Shared.csproj", "{79E2FA3D-1554-4C14-9FA4-9A6FBE60A305}"
EndProject
Global
	GlobalSection(SolutionConfigurationPlatforms) = preSolution
		Debug|Any CPU = Debug|Any CPU
		Release|Any CPU = Release|Any CPU
	EndGlobalSection
	GlobalSection(NestedProjects) = preSolution
		{9340387F-5E97-4BBC-B126-527CC75073BB} = {F0CDD641-BD05-444C-9B2A-D59E785F026B}
		{BA3FDC31-DBAE-4113-9143-C00C98F04D3A} = {F0CDD641-BD05-444C-9B2A-D59E785F026B}
		{97ED37C7-34E0-4383-9922-03898D87D38D} = {D9F11E10-9AB6-46E5-B7FD-2608C032A5A9}
		{81311067-2AB6-47EA-ABA8-361CF8502D2E} = {D9F11E10-9AB6-46E5-B7FD-2608C032A5A9}
		{6DFFA1DF-A474-4299-9551-167BDCC1B551} = {D9F11E10-9AB6-46E5-B7FD-2608C032A5A9}
	EndGlobalSection
	GlobalSection(ProjectConfigurationPlatforms) = postSolution
		{9340387F-5E97-4BBC-B126-527CC75073BB}.Debug|Any CPU.ActiveCfg = Debug|Any CPU
		{9340387F-5E97-4BBC-B126-527CC75073BB}.Debug|Any CPU.Build.0 = Debug|Any CPU
		{9340387F-5E97-4BBC-B126-527CC75073BB}.Release|Any CPU.ActiveCfg = Release|Any CPU
		{9340387F-5E97-4BBC-B126-527CC75073BB}.Release|Any CPU.Build.0 = Release|Any CPU
		{BA3FDC31-DBAE-4113-9143-C00C98F04D3A}.Debug|Any CPU.ActiveCfg = Debug|Any CPU
		{BA3FDC31-DBAE-4113-9143-C00C98F04D3A}.Debug|Any CPU.Build.0 = Debug|Any CPU
		{BA3FDC31-DBAE-4113-9143-C00C98F04D3A}.Release|Any CPU.ActiveCfg = Release|Any CPU
		{BA3FDC31-DBAE-4113-9143-C00C98F04D3A}.Release|Any CPU.Build.0 = Release|Any CPU
		{97ED37C7-34E0-4383-9922-03898D87D38D}.Debug|Any CPU.ActiveCfg = Debug|Any CPU
		{97ED37C7-34E0-4383-9922-03898D87D38D}.Debug|Any CPU.Build.0 = Debug|Any CPU
		{97ED37C7-34E0-4383-9922-03898D87D38D}.Release|Any CPU.ActiveCfg = Release|Any CPU
		{97ED37C7-34E0-4383-9922-03898D87D38D}.Release|Any CPU.Build.0 = Release|Any CPU
		{81311067-2AB6-47EA-ABA8-361CF8502D2E}.Debug|Any CPU.ActiveCfg = Debug|Any CPU
		{81311067-2AB6-47EA-ABA8-361CF8502D2E}.Debug|Any CPU.Build.0 = Debug|Any CPU
		{81311067-2AB6-47EA-ABA8-361CF8502D2E}.Release|Any CPU.ActiveCfg = Release|Any CPU
		{81311067-2AB6-47EA-ABA8-361CF8502D2E}.Release|Any CPU.Build.0 = Release|Any CPU
		{6DFFA1DF-A474-4299-9551-167BDCC1B551}.Debug|Any CPU.ActiveCfg = Debug|Any CPU
		{6DFFA1DF-A474-4299-9551-167BDCC1B551}.Debug|Any CPU.Build.0 = Debug|Any CPU
		{6DFFA1DF-A474-4299-9551-167BDCC1B551}.Release|Any CPU.ActiveCfg = Release|Any CPU
		{6DFFA1DF-A474-4299-9551-167BDCC1B551}.Release|Any CPU.Build.0 = Release|Any CPU
		{79E2FA3D-1554-4C14-9FA4-9A6FBE60A305}.Debug|Any CPU.ActiveCfg = Debug|Any CPU
		{79E2FA3D-1554-4C14-9FA4-9A6FBE60A305}.Debug|Any CPU.Build.0 = Debug|Any CPU
		{79E2FA3D-1554-4C14-9FA4-9A6FBE60A305}.Release|Any CPU.ActiveCfg = Release|Any CPU
		{79E2FA3D-1554-4C14-9FA4-9A6FBE60A305}.Release|Any CPU.Build.0 = Release|Any CPU
	EndGlobalSection
EndGlobal
