
Microsoft Visual Studio Solution File, Format Version 12.00
# Visual Studio Version 17
VisualStudioVersion = 17.1.32328.378
MinimumVisualStudioVersion = 10.0.40219.1
Project("{2150E333-8FDC-42A3-9474-1A3956D46DE8}") = "Client", "Client", "{D9F11E10-9AB6-46E5-B7FD-2608C032A5A9}"
EndProject
Project("{9A19103F-16F7-4668-BE54-9A1E7A4F7556}") = "FreeBox.DataAccess", "DataAccess\FreeBox.DataAccess\FreeBox.DataAccess.csproj", "{BA3FDC31-DBAE-4113-9143-C00C98F04D3A}"
EndProject
Project("{9A19103F-16F7-4668-BE54-9A1E7A4F7556}") = "FreeBox.Shared", "FreeBox.Shared\FreeBox.Shared.csproj", "{79E2FA3D-1554-4C14-9FA4-9A6FBE60A305}"
EndProject
Project("{2150E333-8FDC-42A3-9474-1A3956D46DE8}") = "Tests", "Tests", "{FF749087-EC6A-4442-AB67-FEC3D1AE94CA}"
EndProject
Project("{2150E333-8FDC-42A3-9474-1A3956D46DE8}") = "DataAccess", "DataAccess", "{7D442579-A394-494E-ABCF-C3036D16A063}"
EndProject
Project("{9A19103F-16F7-4668-BE54-9A1E7A4F7556}") = "FreeBox.Tests.ServerCoreTests", "Tests\FreeBox.Tests.ServerCoreTests\FreeBox.Tests.ServerCoreTests.csproj", "{5D860554-F4A8-4120-94F9-775A028D186E}"
EndProject
Project("{9A19103F-16F7-4668-BE54-9A1E7A4F7556}") = "FreeBox.Client.WpfClient", "Client\FreeBox.Client.WpfClient\FreeBox.Client.WpfClient.csproj", "{D077DEB4-CEA2-4B81-9794-31EEA9F79F29}"
EndProject
Project("{2150E333-8FDC-42A3-9474-1A3956D46DE8}") = "Server", "Server", "{69387445-7720-4546-9315-6131BF232ABF}"
EndProject
Project("{FAE04EC0-301F-11D3-BF4B-00C04F79EFBC}") = "FreeBox.Server.Core", "Server\FreeBox.Server.Core\FreeBox.Server.Core.csproj", "{E884341F-6BA8-4469-848F-EE5EE95AEFC1}"
EndProject
Project("{FAE04EC0-301F-11D3-BF4B-00C04F79EFBC}") = "FreeBox.Server.Domain", "Server\FreeBox.Server.Domain\FreeBox.Server.Domain.csproj", "{196B45A0-68B4-4530-9CD2-488153915AAF}"
EndProject
Project("{FAE04EC0-301F-11D3-BF4B-00C04F79EFBC}") = "FreeBox.Server.Utils", "Server\FreeBox.Server.Utils\FreeBox.Server.Utils.csproj", "{AF728323-5639-47AD-A4FD-87D7E61E0CC5}"
EndProject
Project("{FAE04EC0-301F-11D3-BF4B-00C04F79EFBC}") = "FreeBox.Server.WebApi", "Server\FreeBox.Server.WebApi\FreeBox.Server.WebApi.csproj", "{930A92D1-6B93-46F4-9FFB-93AADCAC5D6F}"
EndProject
Global
	GlobalSection(SolutionConfigurationPlatforms) = preSolution
		Debug|Any CPU = Debug|Any CPU
		Release|Any CPU = Release|Any CPU
	EndGlobalSection
	GlobalSection(ProjectConfigurationPlatforms) = postSolution
		{BA3FDC31-DBAE-4113-9143-C00C98F04D3A}.Debug|Any CPU.ActiveCfg = Debug|Any CPU
		{BA3FDC31-DBAE-4113-9143-C00C98F04D3A}.Debug|Any CPU.Build.0 = Debug|Any CPU
		{BA3FDC31-DBAE-4113-9143-C00C98F04D3A}.Release|Any CPU.ActiveCfg = Release|Any CPU
		{BA3FDC31-DBAE-4113-9143-C00C98F04D3A}.Release|Any CPU.Build.0 = Release|Any CPU
		{79E2FA3D-1554-4C14-9FA4-9A6FBE60A305}.Debug|Any CPU.ActiveCfg = Debug|Any CPU
		{79E2FA3D-1554-4C14-9FA4-9A6FBE60A305}.Debug|Any CPU.Build.0 = Debug|Any CPU
		{79E2FA3D-1554-4C14-9FA4-9A6FBE60A305}.Release|Any CPU.ActiveCfg = Release|Any CPU
		{79E2FA3D-1554-4C14-9FA4-9A6FBE60A305}.Release|Any CPU.Build.0 = Release|Any CPU
		{5D860554-F4A8-4120-94F9-775A028D186E}.Debug|Any CPU.ActiveCfg = Debug|Any CPU
		{5D860554-F4A8-4120-94F9-775A028D186E}.Debug|Any CPU.Build.0 = Debug|Any CPU
		{5D860554-F4A8-4120-94F9-775A028D186E}.Release|Any CPU.ActiveCfg = Release|Any CPU
		{5D860554-F4A8-4120-94F9-775A028D186E}.Release|Any CPU.Build.0 = Release|Any CPU
		{D077DEB4-CEA2-4B81-9794-31EEA9F79F29}.Debug|Any CPU.ActiveCfg = Debug|Any CPU
		{D077DEB4-CEA2-4B81-9794-31EEA9F79F29}.Debug|Any CPU.Build.0 = Debug|Any CPU
		{D077DEB4-CEA2-4B81-9794-31EEA9F79F29}.Release|Any CPU.ActiveCfg = Release|Any CPU
		{D077DEB4-CEA2-4B81-9794-31EEA9F79F29}.Release|Any CPU.Build.0 = Release|Any CPU
		{E884341F-6BA8-4469-848F-EE5EE95AEFC1}.Debug|Any CPU.ActiveCfg = Debug|Any CPU
		{E884341F-6BA8-4469-848F-EE5EE95AEFC1}.Debug|Any CPU.Build.0 = Debug|Any CPU
		{E884341F-6BA8-4469-848F-EE5EE95AEFC1}.Release|Any CPU.ActiveCfg = Release|Any CPU
		{E884341F-6BA8-4469-848F-EE5EE95AEFC1}.Release|Any CPU.Build.0 = Release|Any CPU
		{196B45A0-68B4-4530-9CD2-488153915AAF}.Debug|Any CPU.ActiveCfg = Debug|Any CPU
		{196B45A0-68B4-4530-9CD2-488153915AAF}.Debug|Any CPU.Build.0 = Debug|Any CPU
		{196B45A0-68B4-4530-9CD2-488153915AAF}.Release|Any CPU.ActiveCfg = Release|Any CPU
		{196B45A0-68B4-4530-9CD2-488153915AAF}.Release|Any CPU.Build.0 = Release|Any CPU
		{AF728323-5639-47AD-A4FD-87D7E61E0CC5}.Debug|Any CPU.ActiveCfg = Debug|Any CPU
		{AF728323-5639-47AD-A4FD-87D7E61E0CC5}.Debug|Any CPU.Build.0 = Debug|Any CPU
		{AF728323-5639-47AD-A4FD-87D7E61E0CC5}.Release|Any CPU.ActiveCfg = Release|Any CPU
		{AF728323-5639-47AD-A4FD-87D7E61E0CC5}.Release|Any CPU.Build.0 = Release|Any CPU
		{930A92D1-6B93-46F4-9FFB-93AADCAC5D6F}.Debug|Any CPU.ActiveCfg = Debug|Any CPU
		{930A92D1-6B93-46F4-9FFB-93AADCAC5D6F}.Debug|Any CPU.Build.0 = Debug|Any CPU
		{930A92D1-6B93-46F4-9FFB-93AADCAC5D6F}.Release|Any CPU.ActiveCfg = Release|Any CPU
		{930A92D1-6B93-46F4-9FFB-93AADCAC5D6F}.Release|Any CPU.Build.0 = Release|Any CPU
	EndGlobalSection
	GlobalSection(SolutionProperties) = preSolution
		HideSolutionNode = FALSE
	EndGlobalSection
	GlobalSection(NestedProjects) = preSolution
		{BA3FDC31-DBAE-4113-9143-C00C98F04D3A} = {7D442579-A394-494E-ABCF-C3036D16A063}
		{5D860554-F4A8-4120-94F9-775A028D186E} = {FF749087-EC6A-4442-AB67-FEC3D1AE94CA}
		{D077DEB4-CEA2-4B81-9794-31EEA9F79F29} = {D9F11E10-9AB6-46E5-B7FD-2608C032A5A9}
		{E884341F-6BA8-4469-848F-EE5EE95AEFC1} = {69387445-7720-4546-9315-6131BF232ABF}
		{196B45A0-68B4-4530-9CD2-488153915AAF} = {69387445-7720-4546-9315-6131BF232ABF}
		{AF728323-5639-47AD-A4FD-87D7E61E0CC5} = {69387445-7720-4546-9315-6131BF232ABF}
		{930A92D1-6B93-46F4-9FFB-93AADCAC5D6F} = {69387445-7720-4546-9315-6131BF232ABF}
	EndGlobalSection
	GlobalSection(ExtensibilityGlobals) = postSolution
		SolutionGuid = {5C21283B-6DB5-4D66-8E2C-070CE1868D47}
	EndGlobalSection
EndGlobal
